
Microsoft Visual Studio Solution File, Format Version 12.00
# Visual Studio 14
VisualStudioVersion = 14.0.23107.0
MinimumVisualStudioVersion = 10.0.40219.1
Project("{FAE04EC0-301F-11D3-BF4B-00C04F79EFBC}") = "Framework.DataAccessGateway.CG", "Framework.DataAccessGateway.CG\Framework.DataAccessGateway.CG.csproj", "{EEF7366F-E2FC-445A-92D4-BCB5CCAC8486}"
EndProject
Project("{FAE04EC0-301F-11D3-BF4B-00C04F79EFBC}") = "Framework.DataAccessGateway.Automation", "Framework.DataAccessGateway.Automation\Framework.DataAccessGateway.Automation.csproj", "{F1257A07-3BE0-4860-AB18-25310855DF32}"
EndProject
Global
	GlobalSection(SolutionConfigurationPlatforms) = preSolution
		Debug|Any CPU = Debug|Any CPU
		Release|Any CPU = Release|Any CPU
	EndGlobalSection
	GlobalSection(ProjectConfigurationPlatforms) = postSolution
		{EEF7366F-E2FC-445A-92D4-BCB5CCAC8486}.Debug|Any CPU.ActiveCfg = Debug|Any CPU
		{EEF7366F-E2FC-445A-92D4-BCB5CCAC8486}.Debug|Any CPU.Build.0 = Debug|Any CPU
		{EEF7366F-E2FC-445A-92D4-BCB5CCAC8486}.Release|Any CPU.ActiveCfg = Release|Any CPU
		{EEF7366F-E2FC-445A-92D4-BCB5CCAC8486}.Release|Any CPU.Build.0 = Release|Any CPU
		{F1257A07-3BE0-4860-AB18-25310855DF32}.Debug|Any CPU.ActiveCfg = Debug|Any CPU
		{F1257A07-3BE0-4860-AB18-25310855DF32}.Debug|Any CPU.Build.0 = Debug|Any CPU
		{F1257A07-3BE0-4860-AB18-25310855DF32}.Release|Any CPU.ActiveCfg = Release|Any CPU
		{F1257A07-3BE0-4860-AB18-25310855DF32}.Release|Any CPU.Build.0 = Release|Any CPU
	EndGlobalSection
	GlobalSection(SolutionProperties) = preSolution
		HideSolutionNode = FALSE
	EndGlobalSection
EndGlobal
